
Microsoft Visual Studio Solution File, Format Version 12.00
# Visual Studio Version 16
VisualStudioVersion = 16.0.31829.152
MinimumVisualStudioVersion = 10.0.40219.1
Project("{FAE04EC0-301F-11D3-BF4B-00C04F79EFBC}") = "18 collections", "18 collections\18 collections.csproj", "{3761DFB8-15E4-4FB2-8265-1CFB9625C240}"
EndProject
Global
	GlobalSection(SolutionConfigurationPlatforms) = preSolution
		Debug|Any CPU = Debug|Any CPU
		Release|Any CPU = Release|Any CPU
	EndGlobalSection
	GlobalSection(ProjectConfigurationPlatforms) = postSolution
		{3761DFB8-15E4-4FB2-8265-1CFB9625C240}.Debug|Any CPU.ActiveCfg = Debug|Any CPU
		{3761DFB8-15E4-4FB2-8265-1CFB9625C240}.Debug|Any CPU.Build.0 = Debug|Any CPU
		{3761DFB8-15E4-4FB2-8265-1CFB9625C240}.Release|Any CPU.ActiveCfg = Release|Any CPU
		{3761DFB8-15E4-4FB2-8265-1CFB9625C240}.Release|Any CPU.Build.0 = Release|Any CPU
	EndGlobalSection
	GlobalSection(SolutionProperties) = preSolution
		HideSolutionNode = FALSE
	EndGlobalSection
	GlobalSection(ExtensibilityGlobals) = postSolution
		SolutionGuid = {847DCF23-A5A7-4E87-B995-6CBD03A2FDBC}
	EndGlobalSection
EndGlobal
